
Microsoft Visual Studio Solution File, Format Version 12.00
# Visual Studio 2013
VisualStudioVersion = 12.0.31101.0
MinimumVisualStudioVersion = 10.0.40219.1
Project("{FAE04EC0-301F-11D3-BF4B-00C04F79EFBC}") = "FinalProjectFDM", "FinalProjectFDM\FinalProjectFDM.csproj", "{F3EA46D2-B18F-473C-BB98-F466A322B38F}"
EndProject
Project("{2150E333-8FDC-42A3-9474-1A3956D46DE8}") = "Solution Items", "Solution Items", "{CB0AED4C-A7A4-4E79-8701-324ED5209108}"
	ProjectSection(SolutionItems) = preProject
		GroupProjectSQLQuery.sql = GroupProjectSQLQuery.sql
	EndProjectSection
EndProject
Project("{FAE04EC0-301F-11D3-BF4B-00C04F79EFBC}") = "FinalProjectTests", "FinalProjectTests\FinalProjectTests.csproj", "{92E38CAD-3601-40FC-8160-601CF8D2899F}"
EndProject
Global
	GlobalSection(SolutionConfigurationPlatforms) = preSolution
		Debug|Any CPU = Debug|Any CPU
		Release|Any CPU = Release|Any CPU
	EndGlobalSection
	GlobalSection(ProjectConfigurationPlatforms) = postSolution
		{F3EA46D2-B18F-473C-BB98-F466A322B38F}.Debug|Any CPU.ActiveCfg = Debug|Any CPU
		{F3EA46D2-B18F-473C-BB98-F466A322B38F}.Debug|Any CPU.Build.0 = Debug|Any CPU
		{F3EA46D2-B18F-473C-BB98-F466A322B38F}.Release|Any CPU.ActiveCfg = Release|Any CPU
		{F3EA46D2-B18F-473C-BB98-F466A322B38F}.Release|Any CPU.Build.0 = Release|Any CPU
		{92E38CAD-3601-40FC-8160-601CF8D2899F}.Debug|Any CPU.ActiveCfg = Debug|Any CPU
		{92E38CAD-3601-40FC-8160-601CF8D2899F}.Debug|Any CPU.Build.0 = Debug|Any CPU
		{92E38CAD-3601-40FC-8160-601CF8D2899F}.Release|Any CPU.ActiveCfg = Release|Any CPU
		{92E38CAD-3601-40FC-8160-601CF8D2899F}.Release|Any CPU.Build.0 = Release|Any CPU
	EndGlobalSection
	GlobalSection(SolutionProperties) = preSolution
		HideSolutionNode = FALSE
	EndGlobalSection
EndGlobal
